
Microsoft Visual Studio Solution File, Format Version 12.00
# Visual Studio Version 16
VisualStudioVersion = 16.0.31019.35
MinimumVisualStudioVersion = 10.0.40219.1
Project("{FAE04EC0-301F-11D3-BF4B-00C04F79EFBC}") = "UC3_USERREGT", "UC3_USERREGT\UC3_USERREGT.csproj", "{F7E285F5-4434-45BE-81B0-2B11B68C1199}"
EndProject
Project("{FAE04EC0-301F-11D3-BF4B-00C04F79EFBC}") = "UnitTestProject1", "UnitTestProject1\UnitTestProject1.csproj", "{07D7911E-525D-470F-B749-F48EDAAE61D6}"
EndProject
Global
	GlobalSection(SolutionConfigurationPlatforms) = preSolution
		Debug|Any CPU = Debug|Any CPU
		Release|Any CPU = Release|Any CPU
	EndGlobalSection
	GlobalSection(ProjectConfigurationPlatforms) = postSolution
		{F7E285F5-4434-45BE-81B0-2B11B68C1199}.Debug|Any CPU.ActiveCfg = Debug|Any CPU
		{F7E285F5-4434-45BE-81B0-2B11B68C1199}.Debug|Any CPU.Build.0 = Debug|Any CPU
		{F7E285F5-4434-45BE-81B0-2B11B68C1199}.Release|Any CPU.ActiveCfg = Release|Any CPU
		{F7E285F5-4434-45BE-81B0-2B11B68C1199}.Release|Any CPU.Build.0 = Release|Any CPU
		{07D7911E-525D-470F-B749-F48EDAAE61D6}.Debug|Any CPU.ActiveCfg = Debug|Any CPU
		{07D7911E-525D-470F-B749-F48EDAAE61D6}.Debug|Any CPU.Build.0 = Debug|Any CPU
		{07D7911E-525D-470F-B749-F48EDAAE61D6}.Release|Any CPU.ActiveCfg = Release|Any CPU
		{07D7911E-525D-470F-B749-F48EDAAE61D6}.Release|Any CPU.Build.0 = Release|Any CPU
	EndGlobalSection
	GlobalSection(SolutionProperties) = preSolution
		HideSolutionNode = FALSE
	EndGlobalSection
	GlobalSection(ExtensibilityGlobals) = postSolution
		SolutionGuid = {9221C7F4-6540-4BBC-B19F-72D2418E517D}
	EndGlobalSection
EndGlobal
