
Microsoft Visual Studio Solution File, Format Version 12.00
# Visual Studio Version 16
VisualStudioVersion = 16.0.31019.35
MinimumVisualStudioVersion = 10.0.40219.1
Project("{FAE04EC0-301F-11D3-BF4B-00C04F79EFBC}") = "UC9_USERREGT", "UC9_USERREGT\UC9_USERREGT.csproj", "{E6EB8FED-07E2-49E3-AB69-62B85B3AE0E9}"
EndProject
Project("{FAE04EC0-301F-11D3-BF4B-00C04F79EFBC}") = "UnitTestProject1", "UnitTestProject1\UnitTestProject1.csproj", "{0565D6C5-A189-4BE6-8DEC-2739546E2659}"
EndProject
Global
	GlobalSection(SolutionConfigurationPlatforms) = preSolution
		Debug|Any CPU = Debug|Any CPU
		Release|Any CPU = Release|Any CPU
	EndGlobalSection
	GlobalSection(ProjectConfigurationPlatforms) = postSolution
		{E6EB8FED-07E2-49E3-AB69-62B85B3AE0E9}.Debug|Any CPU.ActiveCfg = Debug|Any CPU
		{E6EB8FED-07E2-49E3-AB69-62B85B3AE0E9}.Debug|Any CPU.Build.0 = Debug|Any CPU
		{E6EB8FED-07E2-49E3-AB69-62B85B3AE0E9}.Release|Any CPU.ActiveCfg = Release|Any CPU
		{E6EB8FED-07E2-49E3-AB69-62B85B3AE0E9}.Release|Any CPU.Build.0 = Release|Any CPU
		{0565D6C5-A189-4BE6-8DEC-2739546E2659}.Debug|Any CPU.ActiveCfg = Debug|Any CPU
		{0565D6C5-A189-4BE6-8DEC-2739546E2659}.Debug|Any CPU.Build.0 = Debug|Any CPU
		{0565D6C5-A189-4BE6-8DEC-2739546E2659}.Release|Any CPU.ActiveCfg = Release|Any CPU
		{0565D6C5-A189-4BE6-8DEC-2739546E2659}.Release|Any CPU.Build.0 = Release|Any CPU
	EndGlobalSection
	GlobalSection(SolutionProperties) = preSolution
		HideSolutionNode = FALSE
	EndGlobalSection
	GlobalSection(ExtensibilityGlobals) = postSolution
		SolutionGuid = {C1CBF0E2-8C40-4212-9906-4D7C43A59BA3}
	EndGlobalSection
EndGlobal
